{
    "_meta": {
        "hash": {
            "sha256": "c479771ba51fa4571668a895a7263b57e6308e9dacb3def1e96c4961005cdb71"
        },
        "pipfile-spec": 6,
        "requires": {
            "python_version": "3.9"
        },
        "sources": [
            {
                "name": "pypi",
                "url": "https://pypi.org/simple",
                "verify_ssl": true
            }
        ]
    },
    "default": {
        "asgiref": {
            "hashes": [
                "sha256:1d2880b792ae8757289136f1db2b7b99100ce959b2aa57fd69dab783d05afac4",
                "sha256:4a29362a6acebe09bf1d6640db38c1dc3d9217c68e6f9f6204d72667fc19a424"
            ],
            "markers": "python_version >= '3.7'",
            "version": "==3.5.2"
        },
        "crispy-bootstrap5": {
            "hashes": [
                "sha256:ca5d2afc2a5d1cf12b8d057886a81002cdf7793afcbe0ce006c2294069c1f387",
                "sha256:e8c50daaf266d6127c7414f5669d5f2467b640d08b045ed9dd57e351d30609ae"
            ],
            "index": "pypi",
            "version": "==0.6"
        },
        "django": {
            "hashes": [
                "sha256:07c8638e7a7f548dc0acaaa7825d84b7bd42b10e8d22268b3d572946f1e9b687",
                "sha256:4e8177858524417563cc0430f29ea249946d831eacb0068a1455686587df40b5"
            ],
            "index": "pypi",
            "version": "==4.0.4"
        },
        "django-crispy-forms": {
            "hashes": [
                "sha256:35887b8851a931374dd697207a8f56c57a9c5cb9dbf0b9fa54314da5666cea5b",
                "sha256:bc4d2037f6de602d39c0bc452ac3029d1f5d65e88458872cc4dbc01c3a400604"
            ],
            "index": "pypi",
            "version": "==1.14.0"
        },
        "django-extensions": {
            "hashes": [
                "sha256:28e1e1bf49f0e00307ba574d645b0af3564c981a6dfc87209d48cb98f77d0b1a",
                "sha256:9238b9e016bb0009d621e05cf56ea8ce5cce9b32e91ad2026996a7377ca28069"
            ],
            "index": "pypi",
            "version": "==3.1.5"
        },
        "django-model-utils": {
            "hashes": [
                "sha256:a768a25c80514e0ad4e4a6f9c02c44498985f36c5dfdea47b5b1e8cf994beba6",
                "sha256:e7a95e102f9c9653427eadab980d5d59e1dea972913b9c9e01ac37f86bba0ddf"
            ],
            "index": "pypi",
            "version": "==4.2.0"
        },
        "sqlparse": {
            "hashes": [
                "sha256:0c00730c74263a94e5a9919ade150dfc3b19c574389985446148402998287dae",
                "sha256:48719e356bb8b42991bdbb1e8b83223757b93789c00910a616a071910ca4a64d"
            ],
            "markers": "python_version >= '3.5'",
            "version": "==0.4.2"
        }
    },
    "develop": {}
}
